
Microsoft Visual Studio Solution File, Format Version 12.00
Project("{FAE04EC0-301F-11D3-BF4B-00C04F79EFBC}") = "WebApplication2", "WebApplication2\WebApplication2.csproj", "{06335941-34BC-49D6-AD75-2CC568AA8782}"
EndProject
Global
	GlobalSection(SolutionConfigurationPlatforms) = preSolution
		Debug|Any CPU = Debug|Any CPU
		Release|Any CPU = Release|Any CPU
	EndGlobalSection
	GlobalSection(ProjectConfigurationPlatforms) = postSolution
		{06335941-34BC-49D6-AD75-2CC568AA8782}.Debug|Any CPU.ActiveCfg = Debug|Any CPU
		{06335941-34BC-49D6-AD75-2CC568AA8782}.Debug|Any CPU.Build.0 = Debug|Any CPU
		{06335941-34BC-49D6-AD75-2CC568AA8782}.Release|Any CPU.ActiveCfg = Release|Any CPU
		{06335941-34BC-49D6-AD75-2CC568AA8782}.Release|Any CPU.Build.0 = Release|Any CPU
	EndGlobalSection
EndGlobal
